
Microsoft Visual Studio Solution File, Format Version 12.00
# Visual Studio 2012
Project("{FAE04EC0-301F-11D3-BF4B-00C04F79EFBC}") = "Datos", "Datos\Datos.csproj", "{9BAB518F-7426-46ED-975D-39E9EE142336}"
EndProject
Project("{FAE04EC0-301F-11D3-BF4B-00C04F79EFBC}") = "Negocio", "Negocio\Negocio.csproj", "{A4DB39DB-BD10-41BB-B2DA-460CB087F307}"
EndProject
Project("{FAE04EC0-301F-11D3-BF4B-00C04F79EFBC}") = "Presentacion", "Presentacion\Presentacion.csproj", "{846EA5C4-0742-4D75-B086-A1349783E8CC}"
EndProject
Global
	GlobalSection(SolutionConfigurationPlatforms) = preSolution
		Debug|Any CPU = Debug|Any CPU
		Release|Any CPU = Release|Any CPU
	EndGlobalSection
	GlobalSection(ProjectConfigurationPlatforms) = postSolution
		{9BAB518F-7426-46ED-975D-39E9EE142336}.Debug|Any CPU.ActiveCfg = Debug|Any CPU
		{9BAB518F-7426-46ED-975D-39E9EE142336}.Debug|Any CPU.Build.0 = Debug|Any CPU
		{9BAB518F-7426-46ED-975D-39E9EE142336}.Release|Any CPU.ActiveCfg = Release|Any CPU
		{9BAB518F-7426-46ED-975D-39E9EE142336}.Release|Any CPU.Build.0 = Release|Any CPU
		{A4DB39DB-BD10-41BB-B2DA-460CB087F307}.Debug|Any CPU.ActiveCfg = Debug|Any CPU
		{A4DB39DB-BD10-41BB-B2DA-460CB087F307}.Debug|Any CPU.Build.0 = Debug|Any CPU
		{A4DB39DB-BD10-41BB-B2DA-460CB087F307}.Release|Any CPU.ActiveCfg = Release|Any CPU
		{A4DB39DB-BD10-41BB-B2DA-460CB087F307}.Release|Any CPU.Build.0 = Release|Any CPU
		{846EA5C4-0742-4D75-B086-A1349783E8CC}.Debug|Any CPU.ActiveCfg = Debug|Any CPU
		{846EA5C4-0742-4D75-B086-A1349783E8CC}.Debug|Any CPU.Build.0 = Debug|Any CPU
		{846EA5C4-0742-4D75-B086-A1349783E8CC}.Release|Any CPU.ActiveCfg = Release|Any CPU
		{846EA5C4-0742-4D75-B086-A1349783E8CC}.Release|Any CPU.Build.0 = Release|Any CPU
	EndGlobalSection
	GlobalSection(SolutionProperties) = preSolution
		HideSolutionNode = FALSE
	EndGlobalSection
EndGlobal
